
Microsoft Visual Studio Solution File, Format Version 12.00
# Visual Studio Version 17
VisualStudioVersion = 17.2.32526.322
MinimumVisualStudioVersion = 10.0.40219.1
Project("{FAE04EC0-301F-11D3-BF4B-00C04F79EFBC}") = "FrameView", "FrameView\FrameView.csproj", "{4704AB6D-42D8-40F3-9A1C-F1AF8CEF5915}"
EndProject
Project("{FAE04EC0-301F-11D3-BF4B-00C04F79EFBC}") = "FrameView.Grpc", "FrameView.Grpc\FrameView.Grpc.csproj", "{0345E931-D80E-43C3-9C92-F1C2C29A1997}"
EndProject
Global
	GlobalSection(SolutionConfigurationPlatforms) = preSolution
		Debug|Any CPU = Debug|Any CPU
		Release|Any CPU = Release|Any CPU
	EndGlobalSection
	GlobalSection(ProjectConfigurationPlatforms) = postSolution
		{4704AB6D-42D8-40F3-9A1C-F1AF8CEF5915}.Debug|Any CPU.ActiveCfg = Debug|Any CPU
		{4704AB6D-42D8-40F3-9A1C-F1AF8CEF5915}.Debug|Any CPU.Build.0 = Debug|Any CPU
		{4704AB6D-42D8-40F3-9A1C-F1AF8CEF5915}.Release|Any CPU.ActiveCfg = Release|Any CPU
		{4704AB6D-42D8-40F3-9A1C-F1AF8CEF5915}.Release|Any CPU.Build.0 = Release|Any CPU
		{0345E931-D80E-43C3-9C92-F1C2C29A1997}.Debug|Any CPU.ActiveCfg = Debug|Any CPU
		{0345E931-D80E-43C3-9C92-F1C2C29A1997}.Debug|Any CPU.Build.0 = Debug|Any CPU
		{0345E931-D80E-43C3-9C92-F1C2C29A1997}.Release|Any CPU.ActiveCfg = Release|Any CPU
		{0345E931-D80E-43C3-9C92-F1C2C29A1997}.Release|Any CPU.Build.0 = Release|Any CPU
	EndGlobalSection
	GlobalSection(SolutionProperties) = preSolution
		HideSolutionNode = FALSE
	EndGlobalSection
	GlobalSection(ExtensibilityGlobals) = postSolution
		SolutionGuid = {681481CD-3614-456A-936D-C19E5C59DA43}
	EndGlobalSection
EndGlobal
